
Microsoft Visual Studio Solution File, Format Version 12.00
# Visual Studio 15
VisualStudioVersion = 15.0.26228.9
MinimumVisualStudioVersion = 10.0.40219.1
Project("{FAE04EC0-301F-11D3-BF4B-00C04F79EFBC}") = "Core", "Core\Core.csproj", "{4412D7B9-710C-4433-944B-7CE491EDD989}"
EndProject
Project("{FAE04EC0-301F-11D3-BF4B-00C04F79EFBC}") = "App", "App\App.csproj", "{C9FAF01F-F981-46A7-A57F-1E019E932E12}"
EndProject
Project("{FAE04EC0-301F-11D3-BF4B-00C04F79EFBC}") = "Runtime", "Runtime\Runtime.csproj", "{520B7746-86A7-4021-87B4-507236A14CAE}"
EndProject
Project("{8BC9CEB8-8B4A-11D0-8D11-00A0C91BC942}") = "NativeEncoder", "NativeEncoder\NativeEncoder.vcxproj", "{0053C2F8-D362-46B8-8519-4DF9FA12222E}"
EndProject
Global
	GlobalSection(SolutionConfigurationPlatforms) = preSolution
		Debug|Any CPU = Debug|Any CPU
		Debug|x64 = Debug|x64
		Debug|x86 = Debug|x86
		Release|Any CPU = Release|Any CPU
		Release|x64 = Release|x64
		Release|x86 = Release|x86
	EndGlobalSection
	GlobalSection(ProjectConfigurationPlatforms) = postSolution
		{4412D7B9-710C-4433-944B-7CE491EDD989}.Debug|Any CPU.ActiveCfg = Debug|Any CPU
		{4412D7B9-710C-4433-944B-7CE491EDD989}.Debug|Any CPU.Build.0 = Debug|Any CPU
		{4412D7B9-710C-4433-944B-7CE491EDD989}.Debug|x64.ActiveCfg = Debug|Any CPU
		{4412D7B9-710C-4433-944B-7CE491EDD989}.Debug|x64.Build.0 = Debug|Any CPU
		{4412D7B9-710C-4433-944B-7CE491EDD989}.Debug|x86.ActiveCfg = Debug|Any CPU
		{4412D7B9-710C-4433-944B-7CE491EDD989}.Debug|x86.Build.0 = Debug|Any CPU
		{4412D7B9-710C-4433-944B-7CE491EDD989}.Release|Any CPU.ActiveCfg = Release|Any CPU
		{4412D7B9-710C-4433-944B-7CE491EDD989}.Release|Any CPU.Build.0 = Release|Any CPU
		{4412D7B9-710C-4433-944B-7CE491EDD989}.Release|x64.ActiveCfg = Release|Any CPU
		{4412D7B9-710C-4433-944B-7CE491EDD989}.Release|x64.Build.0 = Release|Any CPU
		{4412D7B9-710C-4433-944B-7CE491EDD989}.Release|x86.ActiveCfg = Release|Any CPU
		{4412D7B9-710C-4433-944B-7CE491EDD989}.Release|x86.Build.0 = Release|Any CPU
		{C9FAF01F-F981-46A7-A57F-1E019E932E12}.Debug|Any CPU.ActiveCfg = Debug|Any CPU
		{C9FAF01F-F981-46A7-A57F-1E019E932E12}.Debug|Any CPU.Build.0 = Debug|Any CPU
		{C9FAF01F-F981-46A7-A57F-1E019E932E12}.Debug|x64.ActiveCfg = Debug|Any CPU
		{C9FAF01F-F981-46A7-A57F-1E019E932E12}.Debug|x64.Build.0 = Debug|Any CPU
		{C9FAF01F-F981-46A7-A57F-1E019E932E12}.Debug|x86.ActiveCfg = Debug|Any CPU
		{C9FAF01F-F981-46A7-A57F-1E019E932E12}.Debug|x86.Build.0 = Debug|Any CPU
		{C9FAF01F-F981-46A7-A57F-1E019E932E12}.Release|Any CPU.ActiveCfg = Release|Any CPU
		{C9FAF01F-F981-46A7-A57F-1E019E932E12}.Release|Any CPU.Build.0 = Release|Any CPU
		{C9FAF01F-F981-46A7-A57F-1E019E932E12}.Release|x64.ActiveCfg = Release|Any CPU
		{C9FAF01F-F981-46A7-A57F-1E019E932E12}.Release|x64.Build.0 = Release|Any CPU
		{C9FAF01F-F981-46A7-A57F-1E019E932E12}.Release|x86.ActiveCfg = Release|Any CPU
		{C9FAF01F-F981-46A7-A57F-1E019E932E12}.Release|x86.Build.0 = Release|Any CPU
		{520B7746-86A7-4021-87B4-507236A14CAE}.Debug|Any CPU.ActiveCfg = Debug|Any CPU
		{520B7746-86A7-4021-87B4-507236A14CAE}.Debug|Any CPU.Build.0 = Debug|Any CPU
		{520B7746-86A7-4021-87B4-507236A14CAE}.Debug|x64.ActiveCfg = Debug|Any CPU
		{520B7746-86A7-4021-87B4-507236A14CAE}.Debug|x64.Build.0 = Debug|Any CPU
		{520B7746-86A7-4021-87B4-507236A14CAE}.Debug|x86.ActiveCfg = Debug|Any CPU
		{520B7746-86A7-4021-87B4-507236A14CAE}.Debug|x86.Build.0 = Debug|Any CPU
		{520B7746-86A7-4021-87B4-507236A14CAE}.Release|Any CPU.ActiveCfg = Release|Any CPU
		{520B7746-86A7-4021-87B4-507236A14CAE}.Release|Any CPU.Build.0 = Release|Any CPU
		{520B7746-86A7-4021-87B4-507236A14CAE}.Release|x64.ActiveCfg = Release|Any CPU
		{520B7746-86A7-4021-87B4-507236A14CAE}.Release|x64.Build.0 = Release|Any CPU
		{520B7746-86A7-4021-87B4-507236A14CAE}.Release|x86.ActiveCfg = Release|Any CPU
		{520B7746-86A7-4021-87B4-507236A14CAE}.Release|x86.Build.0 = Release|Any CPU
		{0053C2F8-D362-46B8-8519-4DF9FA12222E}.Debug|Any CPU.ActiveCfg = Debug|Win32
		{0053C2F8-D362-46B8-8519-4DF9FA12222E}.Debug|x64.ActiveCfg = Debug|x64
		{0053C2F8-D362-46B8-8519-4DF9FA12222E}.Debug|x64.Build.0 = Debug|x64
		{0053C2F8-D362-46B8-8519-4DF9FA12222E}.Debug|x86.ActiveCfg = Debug|Win32
		{0053C2F8-D362-46B8-8519-4DF9FA12222E}.Debug|x86.Build.0 = Debug|Win32
		{0053C2F8-D362-46B8-8519-4DF9FA12222E}.Release|Any CPU.ActiveCfg = Release|Win32
		{0053C2F8-D362-46B8-8519-4DF9FA12222E}.Release|x64.ActiveCfg = Release|x64
		{0053C2F8-D362-46B8-8519-4DF9FA12222E}.Release|x64.Build.0 = Release|x64
		{0053C2F8-D362-46B8-8519-4DF9FA12222E}.Release|x86.ActiveCfg = Release|Win32
		{0053C2F8-D362-46B8-8519-4DF9FA12222E}.Release|x86.Build.0 = Release|Win32
	EndGlobalSection
	GlobalSection(SolutionProperties) = preSolution
		HideSolutionNode = FALSE
	EndGlobalSection
EndGlobal
